
Microsoft Visual Studio Solution File, Format Version 12.00
# Visual Studio Version 17
VisualStudioVersion = 17.2.32602.215
MinimumVisualStudioVersion = 10.0.40219.1
Project("{9A19103F-16F7-4668-BE54-9A1E7A4F7556}") = "TodebBitirmeProjesi", "TodebBitirmeProjesi\TodebBitirmeProjesi.csproj", "{F9B92ED6-8004-46CD-B941-089B2A819D7E}"
EndProject
Project("{9A19103F-16F7-4668-BE54-9A1E7A4F7556}") = "Entity", "Entity\Entity.csproj", "{D5E9488A-FBE9-477E-A01C-597DA4694A06}"
EndProject
Global
	GlobalSection(SolutionConfigurationPlatforms) = preSolution
		Debug|Any CPU = Debug|Any CPU
		Release|Any CPU = Release|Any CPU
	EndGlobalSection
	GlobalSection(ProjectConfigurationPlatforms) = postSolution
		{F9B92ED6-8004-46CD-B941-089B2A819D7E}.Debug|Any CPU.ActiveCfg = Debug|Any CPU
		{F9B92ED6-8004-46CD-B941-089B2A819D7E}.Debug|Any CPU.Build.0 = Debug|Any CPU
		{F9B92ED6-8004-46CD-B941-089B2A819D7E}.Release|Any CPU.ActiveCfg = Release|Any CPU
		{F9B92ED6-8004-46CD-B941-089B2A819D7E}.Release|Any CPU.Build.0 = Release|Any CPU
		{D5E9488A-FBE9-477E-A01C-597DA4694A06}.Debug|Any CPU.ActiveCfg = Debug|Any CPU
		{D5E9488A-FBE9-477E-A01C-597DA4694A06}.Debug|Any CPU.Build.0 = Debug|Any CPU
		{D5E9488A-FBE9-477E-A01C-597DA4694A06}.Release|Any CPU.ActiveCfg = Release|Any CPU
		{D5E9488A-FBE9-477E-A01C-597DA4694A06}.Release|Any CPU.Build.0 = Release|Any CPU
	EndGlobalSection
	GlobalSection(SolutionProperties) = preSolution
		HideSolutionNode = FALSE
	EndGlobalSection
	GlobalSection(ExtensibilityGlobals) = postSolution
		SolutionGuid = {D0965ADD-D88E-4527-82CC-3314B66E9EA8}
	EndGlobalSection
EndGlobal
